
Microsoft Visual Studio Solution File, Format Version 12.00
# Visual Studio 15
VisualStudioVersion = 15.0.27130.2003
MinimumVisualStudioVersion = 10.0.40219.1
Project("{FAE04EC0-301F-11D3-BF4B-00C04F79EFBC}") = "Sbor na 2 chisla", "Sbor na 2 chisla\Sbor na 2 chisla.csproj", "{B9C5D321-3278-47F4-89AA-9A97E9F1FFFA}"
EndProject
Global
	GlobalSection(SolutionConfigurationPlatforms) = preSolution
		Debug|Any CPU = Debug|Any CPU
		Release|Any CPU = Release|Any CPU
	EndGlobalSection
	GlobalSection(ProjectConfigurationPlatforms) = postSolution
		{B9C5D321-3278-47F4-89AA-9A97E9F1FFFA}.Debug|Any CPU.ActiveCfg = Debug|Any CPU
		{B9C5D321-3278-47F4-89AA-9A97E9F1FFFA}.Debug|Any CPU.Build.0 = Debug|Any CPU
		{B9C5D321-3278-47F4-89AA-9A97E9F1FFFA}.Release|Any CPU.ActiveCfg = Release|Any CPU
		{B9C5D321-3278-47F4-89AA-9A97E9F1FFFA}.Release|Any CPU.Build.0 = Release|Any CPU
	EndGlobalSection
	GlobalSection(SolutionProperties) = preSolution
		HideSolutionNode = FALSE
	EndGlobalSection
	GlobalSection(ExtensibilityGlobals) = postSolution
		SolutionGuid = {EF3E3BA6-FEBA-476C-9C49-58AEA95123B9}
	EndGlobalSection
EndGlobal
